
Microsoft Visual Studio Solution File, Format Version 12.00
# Visual Studio Version 16
VisualStudioVersion = 16.0.34114.132
MinimumVisualStudioVersion = 10.0.40219.1
Project("{FAE04EC0-301F-11D3-BF4B-00C04F79EFBC}") = "bot", "bot.csproj", "{1CD3AD2F-1C54-4A6A-A928-77FDE2AB6305}"
EndProject
Global
	GlobalSection(SolutionConfigurationPlatforms) = preSolution
		Debug|Any CPU = Debug|Any CPU
		Release|Any CPU = Release|Any CPU
	EndGlobalSection
	GlobalSection(ProjectConfigurationPlatforms) = postSolution
		{1CD3AD2F-1C54-4A6A-A928-77FDE2AB6305}.Debug|Any CPU.ActiveCfg = Debug|Any CPU
		{1CD3AD2F-1C54-4A6A-A928-77FDE2AB6305}.Debug|Any CPU.Build.0 = Debug|Any CPU
		{1CD3AD2F-1C54-4A6A-A928-77FDE2AB6305}.Release|Any CPU.ActiveCfg = Release|Any CPU
		{1CD3AD2F-1C54-4A6A-A928-77FDE2AB6305}.Release|Any CPU.Build.0 = Release|Any CPU
	EndGlobalSection
	GlobalSection(SolutionProperties) = preSolution
		HideSolutionNode = FALSE
	EndGlobalSection
	GlobalSection(ExtensibilityGlobals) = postSolution
		SolutionGuid = {9FFAD2DC-5780-466D-8520-0E4AFC1D91D3}
	EndGlobalSection
EndGlobal
